
Microsoft Visual Studio Solution File, Format Version 12.00
# Visual Studio Version 16
VisualStudioVersion = 16.0.30621.155
MinimumVisualStudioVersion = 10.0.40219.1
Project("{2150E333-8FDC-42A3-9474-1A3956D46DE8}") = "SmartHome.API", "SmartHome.API", "{C61E6CF2-D3E7-4059-A3E4-F21D6C345962}"
EndProject
Project("{9A19103F-16F7-4668-BE54-9A1E7A4F7556}") = "SmartHome.API", "SmartHome.API\SmartHome.API.csproj", "{111D5C24-1900-4E1C-A379-0309ACA21022}"
EndProject
Project("{2150E333-8FDC-42A3-9474-1A3956D46DE8}") = "SmartHome.Mobile", "SmartHome.Mobile", "{4AC4CAB4-A546-450E-9FAA-FC395EA7BEBF}"
EndProject
Global
	GlobalSection(SolutionConfigurationPlatforms) = preSolution
		Debug|Any CPU = Debug|Any CPU
		Release|Any CPU = Release|Any CPU
	EndGlobalSection
	GlobalSection(ProjectConfigurationPlatforms) = postSolution
		{111D5C24-1900-4E1C-A379-0309ACA21022}.Debug|Any CPU.ActiveCfg = Debug|Any CPU
		{111D5C24-1900-4E1C-A379-0309ACA21022}.Debug|Any CPU.Build.0 = Debug|Any CPU
		{111D5C24-1900-4E1C-A379-0309ACA21022}.Release|Any CPU.ActiveCfg = Release|Any CPU
		{111D5C24-1900-4E1C-A379-0309ACA21022}.Release|Any CPU.Build.0 = Release|Any CPU
	EndGlobalSection
	GlobalSection(SolutionProperties) = preSolution
		HideSolutionNode = FALSE
	EndGlobalSection
	GlobalSection(NestedProjects) = preSolution
		{111D5C24-1900-4E1C-A379-0309ACA21022} = {C61E6CF2-D3E7-4059-A3E4-F21D6C345962}
	EndGlobalSection
	GlobalSection(ExtensibilityGlobals) = postSolution
		SolutionGuid = {A756A318-5815-4EDF-8BDA-8A734118CA32}
	EndGlobalSection
EndGlobal
