
Microsoft Visual Studio Solution File, Format Version 12.00
# Visual Studio Version 16
VisualStudioVersion = 16.0.30621.155
MinimumVisualStudioVersion = 10.0.40219.1
Project("{2150E333-8FDC-42A3-9474-1A3956D46DE8}") = "API", "API", "{C61E6CF2-D3E7-4059-A3E4-F21D6C345962}"
EndProject
Project("{9A19103F-16F7-4668-BE54-9A1E7A4F7556}") = "SmartHome.API", "SmartHome.API\SmartHome.API.csproj", "{111D5C24-1900-4E1C-A379-0309ACA21022}"
EndProject
Project("{2150E333-8FDC-42A3-9474-1A3956D46DE8}") = "MobileApps", "MobileApps", "{BDC9260A-4C57-4EBC-B662-3C72AC02AFB4}"
EndProject
Project("{FAE04EC0-301F-11D3-BF4B-00C04F79EFBC}") = "SmartHome.Mobile.UWP", "SmartHome.Mobile\SmartHome.Mobile.UWP\SmartHome.Mobile.UWP.csproj", "{26DF8884-5DE5-43C9-A421-1644B7A8C288}"
EndProject
Project("{FAE04EC0-301F-11D3-BF4B-00C04F79EFBC}") = "SmartHome.Mobile.Android", "SmartHome.Mobile\SmartHome.Mobile.Android\SmartHome.Mobile.Android.csproj", "{618AE311-5CF1-4346-B90C-FA6674C10F29}"
EndProject
Project("{FAE04EC0-301F-11D3-BF4B-00C04F79EFBC}") = "SmartHome.Mobile.iOS", "SmartHome.Mobile\SmartHome.Mobile.iOS\SmartHome.Mobile.iOS.csproj", "{114A8468-1123-4E61-AED7-29B1D9D4AA83}"
EndProject
Project("{FAE04EC0-301F-11D3-BF4B-00C04F79EFBC}") = "SmartHome.Mobile", "SmartHome.Mobile\SmartHome.Mobile\SmartHome.Mobile.csproj", "{5B9A5C14-A5C3-4557-A41D-791CD1CC79D9}"
EndProject
Global
	GlobalSection(SolutionConfigurationPlatforms) = preSolution
		Debug|Any CPU = Debug|Any CPU
		Debug|ARM = Debug|ARM
		Debug|iPhone = Debug|iPhone
		Debug|iPhoneSimulator = Debug|iPhoneSimulator
		Debug|x64 = Debug|x64
		Debug|x86 = Debug|x86
		Release|Any CPU = Release|Any CPU
		Release|ARM = Release|ARM
		Release|iPhone = Release|iPhone
		Release|iPhoneSimulator = Release|iPhoneSimulator
		Release|x64 = Release|x64
		Release|x86 = Release|x86
	EndGlobalSection
	GlobalSection(ProjectConfigurationPlatforms) = postSolution
		{111D5C24-1900-4E1C-A379-0309ACA21022}.Debug|Any CPU.ActiveCfg = Debug|Any CPU
		{111D5C24-1900-4E1C-A379-0309ACA21022}.Debug|Any CPU.Build.0 = Debug|Any CPU
		{111D5C24-1900-4E1C-A379-0309ACA21022}.Debug|ARM.ActiveCfg = Debug|Any CPU
		{111D5C24-1900-4E1C-A379-0309ACA21022}.Debug|ARM.Build.0 = Debug|Any CPU
		{111D5C24-1900-4E1C-A379-0309ACA21022}.Debug|iPhone.ActiveCfg = Debug|Any CPU
		{111D5C24-1900-4E1C-A379-0309ACA21022}.Debug|iPhone.Build.0 = Debug|Any CPU
		{111D5C24-1900-4E1C-A379-0309ACA21022}.Debug|iPhoneSimulator.ActiveCfg = Debug|Any CPU
		{111D5C24-1900-4E1C-A379-0309ACA21022}.Debug|iPhoneSimulator.Build.0 = Debug|Any CPU
		{111D5C24-1900-4E1C-A379-0309ACA21022}.Debug|x64.ActiveCfg = Debug|Any CPU
		{111D5C24-1900-4E1C-A379-0309ACA21022}.Debug|x64.Build.0 = Debug|Any CPU
		{111D5C24-1900-4E1C-A379-0309ACA21022}.Debug|x86.ActiveCfg = Debug|Any CPU
		{111D5C24-1900-4E1C-A379-0309ACA21022}.Debug|x86.Build.0 = Debug|Any CPU
		{111D5C24-1900-4E1C-A379-0309ACA21022}.Release|Any CPU.ActiveCfg = Release|Any CPU
		{111D5C24-1900-4E1C-A379-0309ACA21022}.Release|Any CPU.Build.0 = Release|Any CPU
		{111D5C24-1900-4E1C-A379-0309ACA21022}.Release|ARM.ActiveCfg = Release|Any CPU
		{111D5C24-1900-4E1C-A379-0309ACA21022}.Release|ARM.Build.0 = Release|Any CPU
		{111D5C24-1900-4E1C-A379-0309ACA21022}.Release|iPhone.ActiveCfg = Release|Any CPU
		{111D5C24-1900-4E1C-A379-0309ACA21022}.Release|iPhone.Build.0 = Release|Any CPU
		{111D5C24-1900-4E1C-A379-0309ACA21022}.Release|iPhoneSimulator.ActiveCfg = Release|Any CPU
		{111D5C24-1900-4E1C-A379-0309ACA21022}.Release|iPhoneSimulator.Build.0 = Release|Any CPU
		{111D5C24-1900-4E1C-A379-0309ACA21022}.Release|x64.ActiveCfg = Release|Any CPU
		{111D5C24-1900-4E1C-A379-0309ACA21022}.Release|x64.Build.0 = Release|Any CPU
		{111D5C24-1900-4E1C-A379-0309ACA21022}.Release|x86.ActiveCfg = Release|Any CPU
		{111D5C24-1900-4E1C-A379-0309ACA21022}.Release|x86.Build.0 = Release|Any CPU
		{26DF8884-5DE5-43C9-A421-1644B7A8C288}.Debug|Any CPU.ActiveCfg = Debug|x86
		{26DF8884-5DE5-43C9-A421-1644B7A8C288}.Debug|ARM.ActiveCfg = Debug|ARM
		{26DF8884-5DE5-43C9-A421-1644B7A8C288}.Debug|ARM.Build.0 = Debug|ARM
		{26DF8884-5DE5-43C9-A421-1644B7A8C288}.Debug|ARM.Deploy.0 = Debug|ARM
		{26DF8884-5DE5-43C9-A421-1644B7A8C288}.Debug|iPhone.ActiveCfg = Debug|x86
		{26DF8884-5DE5-43C9-A421-1644B7A8C288}.Debug|iPhoneSimulator.ActiveCfg = Debug|x86
		{26DF8884-5DE5-43C9-A421-1644B7A8C288}.Debug|x64.ActiveCfg = Debug|x64
		{26DF8884-5DE5-43C9-A421-1644B7A8C288}.Debug|x64.Build.0 = Debug|x64
		{26DF8884-5DE5-43C9-A421-1644B7A8C288}.Debug|x64.Deploy.0 = Debug|x64
		{26DF8884-5DE5-43C9-A421-1644B7A8C288}.Debug|x86.ActiveCfg = Debug|x86
		{26DF8884-5DE5-43C9-A421-1644B7A8C288}.Debug|x86.Build.0 = Debug|x86
		{26DF8884-5DE5-43C9-A421-1644B7A8C288}.Debug|x86.Deploy.0 = Debug|x86
		{26DF8884-5DE5-43C9-A421-1644B7A8C288}.Release|Any CPU.ActiveCfg = Release|x86
		{26DF8884-5DE5-43C9-A421-1644B7A8C288}.Release|ARM.ActiveCfg = Release|ARM
		{26DF8884-5DE5-43C9-A421-1644B7A8C288}.Release|ARM.Build.0 = Release|ARM
		{26DF8884-5DE5-43C9-A421-1644B7A8C288}.Release|ARM.Deploy.0 = Release|ARM
		{26DF8884-5DE5-43C9-A421-1644B7A8C288}.Release|iPhone.ActiveCfg = Release|x86
		{26DF8884-5DE5-43C9-A421-1644B7A8C288}.Release|iPhoneSimulator.ActiveCfg = Release|x86
		{26DF8884-5DE5-43C9-A421-1644B7A8C288}.Release|x64.ActiveCfg = Release|x64
		{26DF8884-5DE5-43C9-A421-1644B7A8C288}.Release|x64.Build.0 = Release|x64
		{26DF8884-5DE5-43C9-A421-1644B7A8C288}.Release|x64.Deploy.0 = Release|x64
		{26DF8884-5DE5-43C9-A421-1644B7A8C288}.Release|x86.ActiveCfg = Release|x86
		{26DF8884-5DE5-43C9-A421-1644B7A8C288}.Release|x86.Build.0 = Release|x86
		{26DF8884-5DE5-43C9-A421-1644B7A8C288}.Release|x86.Deploy.0 = Release|x86
		{618AE311-5CF1-4346-B90C-FA6674C10F29}.Debug|Any CPU.ActiveCfg = Debug|Any CPU
		{618AE311-5CF1-4346-B90C-FA6674C10F29}.Debug|Any CPU.Build.0 = Debug|Any CPU
		{618AE311-5CF1-4346-B90C-FA6674C10F29}.Debug|Any CPU.Deploy.0 = Debug|Any CPU
		{618AE311-5CF1-4346-B90C-FA6674C10F29}.Debug|ARM.ActiveCfg = Debug|Any CPU
		{618AE311-5CF1-4346-B90C-FA6674C10F29}.Debug|ARM.Build.0 = Debug|Any CPU
		{618AE311-5CF1-4346-B90C-FA6674C10F29}.Debug|ARM.Deploy.0 = Debug|Any CPU
		{618AE311-5CF1-4346-B90C-FA6674C10F29}.Debug|iPhone.ActiveCfg = Debug|Any CPU
		{618AE311-5CF1-4346-B90C-FA6674C10F29}.Debug|iPhone.Build.0 = Debug|Any CPU
		{618AE311-5CF1-4346-B90C-FA6674C10F29}.Debug|iPhone.Deploy.0 = Debug|Any CPU
		{618AE311-5CF1-4346-B90C-FA6674C10F29}.Debug|iPhoneSimulator.ActiveCfg = Debug|Any CPU
		{618AE311-5CF1-4346-B90C-FA6674C10F29}.Debug|iPhoneSimulator.Build.0 = Debug|Any CPU
		{618AE311-5CF1-4346-B90C-FA6674C10F29}.Debug|iPhoneSimulator.Deploy.0 = Debug|Any CPU
		{618AE311-5CF1-4346-B90C-FA6674C10F29}.Debug|x64.ActiveCfg = Debug|Any CPU
		{618AE311-5CF1-4346-B90C-FA6674C10F29}.Debug|x64.Build.0 = Debug|Any CPU
		{618AE311-5CF1-4346-B90C-FA6674C10F29}.Debug|x64.Deploy.0 = Debug|Any CPU
		{618AE311-5CF1-4346-B90C-FA6674C10F29}.Debug|x86.ActiveCfg = Debug|Any CPU
		{618AE311-5CF1-4346-B90C-FA6674C10F29}.Debug|x86.Build.0 = Debug|Any CPU
		{618AE311-5CF1-4346-B90C-FA6674C10F29}.Debug|x86.Deploy.0 = Debug|Any CPU
		{618AE311-5CF1-4346-B90C-FA6674C10F29}.Release|Any CPU.ActiveCfg = Release|Any CPU
		{618AE311-5CF1-4346-B90C-FA6674C10F29}.Release|Any CPU.Build.0 = Release|Any CPU
		{618AE311-5CF1-4346-B90C-FA6674C10F29}.Release|Any CPU.Deploy.0 = Release|Any CPU
		{618AE311-5CF1-4346-B90C-FA6674C10F29}.Release|ARM.ActiveCfg = Release|Any CPU
		{618AE311-5CF1-4346-B90C-FA6674C10F29}.Release|ARM.Build.0 = Release|Any CPU
		{618AE311-5CF1-4346-B90C-FA6674C10F29}.Release|ARM.Deploy.0 = Release|Any CPU
		{618AE311-5CF1-4346-B90C-FA6674C10F29}.Release|iPhone.ActiveCfg = Release|Any CPU
		{618AE311-5CF1-4346-B90C-FA6674C10F29}.Release|iPhone.Build.0 = Release|Any CPU
		{618AE311-5CF1-4346-B90C-FA6674C10F29}.Release|iPhone.Deploy.0 = Release|Any CPU
		{618AE311-5CF1-4346-B90C-FA6674C10F29}.Release|iPhoneSimulator.ActiveCfg = Release|Any CPU
		{618AE311-5CF1-4346-B90C-FA6674C10F29}.Release|iPhoneSimulator.Build.0 = Release|Any CPU
		{618AE311-5CF1-4346-B90C-FA6674C10F29}.Release|iPhoneSimulator.Deploy.0 = Release|Any CPU
		{618AE311-5CF1-4346-B90C-FA6674C10F29}.Release|x64.ActiveCfg = Release|Any CPU
		{618AE311-5CF1-4346-B90C-FA6674C10F29}.Release|x64.Build.0 = Release|Any CPU
		{618AE311-5CF1-4346-B90C-FA6674C10F29}.Release|x64.Deploy.0 = Release|Any CPU
		{618AE311-5CF1-4346-B90C-FA6674C10F29}.Release|x86.ActiveCfg = Release|Any CPU
		{618AE311-5CF1-4346-B90C-FA6674C10F29}.Release|x86.Build.0 = Release|Any CPU
		{618AE311-5CF1-4346-B90C-FA6674C10F29}.Release|x86.Deploy.0 = Release|Any CPU
		{114A8468-1123-4E61-AED7-29B1D9D4AA83}.Debug|Any CPU.ActiveCfg = Debug|iPhoneSimulator
		{114A8468-1123-4E61-AED7-29B1D9D4AA83}.Debug|ARM.ActiveCfg = Debug|iPhoneSimulator
		{114A8468-1123-4E61-AED7-29B1D9D4AA83}.Debug|iPhone.ActiveCfg = Debug|iPhone
		{114A8468-1123-4E61-AED7-29B1D9D4AA83}.Debug|iPhone.Build.0 = Debug|iPhone
		{114A8468-1123-4E61-AED7-29B1D9D4AA83}.Debug|iPhoneSimulator.ActiveCfg = Debug|iPhoneSimulator
		{114A8468-1123-4E61-AED7-29B1D9D4AA83}.Debug|iPhoneSimulator.Build.0 = Debug|iPhoneSimulator
		{114A8468-1123-4E61-AED7-29B1D9D4AA83}.Debug|x64.ActiveCfg = Debug|iPhoneSimulator
		{114A8468-1123-4E61-AED7-29B1D9D4AA83}.Debug|x86.ActiveCfg = Debug|iPhoneSimulator
		{114A8468-1123-4E61-AED7-29B1D9D4AA83}.Release|Any CPU.ActiveCfg = Release|iPhoneSimulator
		{114A8468-1123-4E61-AED7-29B1D9D4AA83}.Release|ARM.ActiveCfg = Release|iPhoneSimulator
		{114A8468-1123-4E61-AED7-29B1D9D4AA83}.Release|iPhone.ActiveCfg = Release|iPhone
		{114A8468-1123-4E61-AED7-29B1D9D4AA83}.Release|iPhone.Build.0 = Release|iPhone
		{114A8468-1123-4E61-AED7-29B1D9D4AA83}.Release|iPhoneSimulator.ActiveCfg = Release|iPhoneSimulator
		{114A8468-1123-4E61-AED7-29B1D9D4AA83}.Release|iPhoneSimulator.Build.0 = Release|iPhoneSimulator
		{114A8468-1123-4E61-AED7-29B1D9D4AA83}.Release|x64.ActiveCfg = Release|iPhoneSimulator
		{114A8468-1123-4E61-AED7-29B1D9D4AA83}.Release|x86.ActiveCfg = Release|iPhoneSimulator
		{5B9A5C14-A5C3-4557-A41D-791CD1CC79D9}.Debug|Any CPU.ActiveCfg = Debug|Any CPU
		{5B9A5C14-A5C3-4557-A41D-791CD1CC79D9}.Debug|Any CPU.Build.0 = Debug|Any CPU
		{5B9A5C14-A5C3-4557-A41D-791CD1CC79D9}.Debug|ARM.ActiveCfg = Debug|Any CPU
		{5B9A5C14-A5C3-4557-A41D-791CD1CC79D9}.Debug|ARM.Build.0 = Debug|Any CPU
		{5B9A5C14-A5C3-4557-A41D-791CD1CC79D9}.Debug|iPhone.ActiveCfg = Debug|Any CPU
		{5B9A5C14-A5C3-4557-A41D-791CD1CC79D9}.Debug|iPhone.Build.0 = Debug|Any CPU
		{5B9A5C14-A5C3-4557-A41D-791CD1CC79D9}.Debug|iPhoneSimulator.ActiveCfg = Debug|Any CPU
		{5B9A5C14-A5C3-4557-A41D-791CD1CC79D9}.Debug|iPhoneSimulator.Build.0 = Debug|Any CPU
		{5B9A5C14-A5C3-4557-A41D-791CD1CC79D9}.Debug|x64.ActiveCfg = Debug|Any CPU
		{5B9A5C14-A5C3-4557-A41D-791CD1CC79D9}.Debug|x64.Build.0 = Debug|Any CPU
		{5B9A5C14-A5C3-4557-A41D-791CD1CC79D9}.Debug|x86.ActiveCfg = Debug|Any CPU
		{5B9A5C14-A5C3-4557-A41D-791CD1CC79D9}.Debug|x86.Build.0 = Debug|Any CPU
		{5B9A5C14-A5C3-4557-A41D-791CD1CC79D9}.Release|Any CPU.ActiveCfg = Release|Any CPU
		{5B9A5C14-A5C3-4557-A41D-791CD1CC79D9}.Release|Any CPU.Build.0 = Release|Any CPU
		{5B9A5C14-A5C3-4557-A41D-791CD1CC79D9}.Release|ARM.ActiveCfg = Release|Any CPU
		{5B9A5C14-A5C3-4557-A41D-791CD1CC79D9}.Release|ARM.Build.0 = Release|Any CPU
		{5B9A5C14-A5C3-4557-A41D-791CD1CC79D9}.Release|iPhone.ActiveCfg = Release|Any CPU
		{5B9A5C14-A5C3-4557-A41D-791CD1CC79D9}.Release|iPhone.Build.0 = Release|Any CPU
		{5B9A5C14-A5C3-4557-A41D-791CD1CC79D9}.Release|iPhoneSimulator.ActiveCfg = Release|Any CPU
		{5B9A5C14-A5C3-4557-A41D-791CD1CC79D9}.Release|iPhoneSimulator.Build.0 = Release|Any CPU
		{5B9A5C14-A5C3-4557-A41D-791CD1CC79D9}.Release|x64.ActiveCfg = Release|Any CPU
		{5B9A5C14-A5C3-4557-A41D-791CD1CC79D9}.Release|x64.Build.0 = Release|Any CPU
		{5B9A5C14-A5C3-4557-A41D-791CD1CC79D9}.Release|x86.ActiveCfg = Release|Any CPU
		{5B9A5C14-A5C3-4557-A41D-791CD1CC79D9}.Release|x86.Build.0 = Release|Any CPU
	EndGlobalSection
	GlobalSection(SolutionProperties) = preSolution
		HideSolutionNode = FALSE
	EndGlobalSection
	GlobalSection(NestedProjects) = preSolution
		{111D5C24-1900-4E1C-A379-0309ACA21022} = {C61E6CF2-D3E7-4059-A3E4-F21D6C345962}
		{26DF8884-5DE5-43C9-A421-1644B7A8C288} = {BDC9260A-4C57-4EBC-B662-3C72AC02AFB4}
		{618AE311-5CF1-4346-B90C-FA6674C10F29} = {BDC9260A-4C57-4EBC-B662-3C72AC02AFB4}
		{114A8468-1123-4E61-AED7-29B1D9D4AA83} = {BDC9260A-4C57-4EBC-B662-3C72AC02AFB4}
		{5B9A5C14-A5C3-4557-A41D-791CD1CC79D9} = {BDC9260A-4C57-4EBC-B662-3C72AC02AFB4}
	EndGlobalSection
	GlobalSection(ExtensibilityGlobals) = postSolution
		SolutionGuid = {A756A318-5815-4EDF-8BDA-8A734118CA32}
	EndGlobalSection
EndGlobal
